
Microsoft Visual Studio Solution File, Format Version 12.00
# Visual Studio Version 17
VisualStudioVersion = 17.5.33530.505
MinimumVisualStudioVersion = 10.0.40219.1
Project("{FAE04EC0-301F-11D3-BF4B-00C04F79EFBC}") = "AstarLibrary", "AstarLibrary\AstarLibrary.csproj", "{34297EE5-D97C-4249-A8BF-F08D37CC6713}"
EndProject
Project("{FAE04EC0-301F-11D3-BF4B-00C04F79EFBC}") = "AstarView", "AstarView\AstarView.csproj", "{12733C0D-2751-4F0C-BF44-0342CC2C48E3}"
EndProject
Global
	GlobalSection(SolutionConfigurationPlatforms) = preSolution
		Debug|Any CPU = Debug|Any CPU
		Release|Any CPU = Release|Any CPU
	EndGlobalSection
	GlobalSection(ProjectConfigurationPlatforms) = postSolution
		{34297EE5-D97C-4249-A8BF-F08D37CC6713}.Debug|Any CPU.ActiveCfg = Debug|Any CPU
		{34297EE5-D97C-4249-A8BF-F08D37CC6713}.Debug|Any CPU.Build.0 = Debug|Any CPU
		{34297EE5-D97C-4249-A8BF-F08D37CC6713}.Release|Any CPU.ActiveCfg = Release|Any CPU
		{34297EE5-D97C-4249-A8BF-F08D37CC6713}.Release|Any CPU.Build.0 = Release|Any CPU
		{12733C0D-2751-4F0C-BF44-0342CC2C48E3}.Debug|Any CPU.ActiveCfg = Debug|Any CPU
		{12733C0D-2751-4F0C-BF44-0342CC2C48E3}.Debug|Any CPU.Build.0 = Debug|Any CPU
		{12733C0D-2751-4F0C-BF44-0342CC2C48E3}.Release|Any CPU.ActiveCfg = Release|Any CPU
		{12733C0D-2751-4F0C-BF44-0342CC2C48E3}.Release|Any CPU.Build.0 = Release|Any CPU
	EndGlobalSection
	GlobalSection(SolutionProperties) = preSolution
		HideSolutionNode = FALSE
	EndGlobalSection
	GlobalSection(ExtensibilityGlobals) = postSolution
		SolutionGuid = {E9356FE3-9EB5-4AEE-91AB-16D6B7A6ECD1}
	EndGlobalSection
EndGlobal
