
Microsoft Visual Studio Solution File, Format Version 12.00
# Visual Studio 15
VisualStudioVersion = 15.0.28307.1525
MinimumVisualStudioVersion = 10.0.40219.1
Project("{FAE04EC0-301F-11D3-BF4B-00C04F79EFBC}") = "AstarAlgo", "AstarAlgo\AstarAlgo.csproj", "{9706EF8F-EBAD-4A81-A548-D9910E01DF36}"
EndProject
Global
	GlobalSection(SolutionConfigurationPlatforms) = preSolution
		Debug|Any CPU = Debug|Any CPU
		Release|Any CPU = Release|Any CPU
	EndGlobalSection
	GlobalSection(ProjectConfigurationPlatforms) = postSolution
		{9706EF8F-EBAD-4A81-A548-D9910E01DF36}.Debug|Any CPU.ActiveCfg = Debug|Any CPU
		{9706EF8F-EBAD-4A81-A548-D9910E01DF36}.Debug|Any CPU.Build.0 = Debug|Any CPU
		{9706EF8F-EBAD-4A81-A548-D9910E01DF36}.Release|Any CPU.ActiveCfg = Release|Any CPU
		{9706EF8F-EBAD-4A81-A548-D9910E01DF36}.Release|Any CPU.Build.0 = Release|Any CPU
	EndGlobalSection
	GlobalSection(SolutionProperties) = preSolution
		HideSolutionNode = FALSE
	EndGlobalSection
	GlobalSection(ExtensibilityGlobals) = postSolution
		SolutionGuid = {E9356FE3-9EB5-4AEE-91AB-16D6B7A6ECD1}
	EndGlobalSection
EndGlobal
